<Solution>
  <Project Path="Application/Application.csproj" Id="ccb679d2-35a1-497a-aa4d-56de34bc5e29" />
  <Project Path="Desktop/Desktop.csproj" />
  <Project Path="Domain/Domain.csproj" Id="617bbd60-040b-44c0-9c86-481d1fc112c7" />
  <Project Path="Infrastructure/Infrastructure.csproj" />
  <Project Path="Tests/Tests.csproj" Id="db761100-ea3e-430b-b77a-ec57dd3cd67d" />
</Solution>
